
Microsoft Visual Studio Solution File, Format Version 12.00
# Visual Studio Version 17
VisualStudioVersion = 17.7.34221.43
MinimumVisualStudioVersion = 10.0.40219.1
Project("{8BC9CEB8-8B4A-11D0-8D11-00A0C91BC942}") = "ListBasedFIFOQueue", "ListBasedFIFOQueue\ListBasedFIFOQueue.vcxproj", "{439684B7-0173-4B19-A6A1-3185ADBB66CA}"
EndProject
Global
	GlobalSection(SolutionConfigurationPlatforms) = preSolution
		Debug|x64 = Debug|x64
		Debug|x86 = Debug|x86
		Release|x64 = Release|x64
		Release|x86 = Release|x86
	EndGlobalSection
	GlobalSection(ProjectConfigurationPlatforms) = postSolution
		{439684B7-0173-4B19-A6A1-3185ADBB66CA}.Debug|x64.ActiveCfg = Debug|x64
		{439684B7-0173-4B19-A6A1-3185ADBB66CA}.Debug|x64.Build.0 = Debug|x64
		{439684B7-0173-4B19-A6A1-3185ADBB66CA}.Debug|x86.ActiveCfg = Debug|Win32
		{439684B7-0173-4B19-A6A1-3185ADBB66CA}.Debug|x86.Build.0 = Debug|Win32
		{439684B7-0173-4B19-A6A1-3185ADBB66CA}.Release|x64.ActiveCfg = Release|x64
		{439684B7-0173-4B19-A6A1-3185ADBB66CA}.Release|x64.Build.0 = Release|x64
		{439684B7-0173-4B19-A6A1-3185ADBB66CA}.Release|x86.ActiveCfg = Release|Win32
		{439684B7-0173-4B19-A6A1-3185ADBB66CA}.Release|x86.Build.0 = Release|Win32
	EndGlobalSection
	GlobalSection(SolutionProperties) = preSolution
		HideSolutionNode = FALSE
	EndGlobalSection
	GlobalSection(ExtensibilityGlobals) = postSolution
		SolutionGuid = {5236A7F5-FB9D-4059-ABA1-01D7DC28B07F}
	EndGlobalSection
EndGlobal
